
Microsoft Visual Studio Solution File, Format Version 12.00
# Visual Studio Version 17
VisualStudioVersion = 17.0.31903.59
MinimumVisualStudioVersion = 10.0.40219.1
Project("{FAE04EC0-301F-11D3-BF4B-00C04F79EFBC}") = "DayZLauncher.UnixPatcher", "DayZLauncher.UnixPatcher\DayZLauncher.UnixPatcher.csproj", "{7CA7FF88-E179-4787-A9C1-5C84DAE8968D}"
EndProject
Project("{FAE04EC0-301F-11D3-BF4B-00C04F79EFBC}") = "DayZLauncher.UnixPatcher.Utils", "DayZLauncher.UnixPatcher.Utils\DayZLauncher.UnixPatcher.Utils.csproj", "{CA18027D-C3DC-45CA-8FAB-B20CF558B61B}"
EndProject
Global
	GlobalSection(SolutionConfigurationPlatforms) = preSolution
		Debug|Any CPU = Debug|Any CPU
		Release|Any CPU = Release|Any CPU
	EndGlobalSection
	GlobalSection(SolutionProperties) = preSolution
		HideSolutionNode = FALSE
	EndGlobalSection
	GlobalSection(ProjectConfigurationPlatforms) = postSolution
		{7CA7FF88-E179-4787-A9C1-5C84DAE8968D}.Debug|Any CPU.ActiveCfg = Debug|Any CPU
		{7CA7FF88-E179-4787-A9C1-5C84DAE8968D}.Debug|Any CPU.Build.0 = Debug|Any CPU
		{7CA7FF88-E179-4787-A9C1-5C84DAE8968D}.Release|Any CPU.ActiveCfg = Release|Any CPU
		{7CA7FF88-E179-4787-A9C1-5C84DAE8968D}.Release|Any CPU.Build.0 = Release|Any CPU
		{CA18027D-C3DC-45CA-8FAB-B20CF558B61B}.Debug|Any CPU.ActiveCfg = Debug|Any CPU
		{CA18027D-C3DC-45CA-8FAB-B20CF558B61B}.Debug|Any CPU.Build.0 = Debug|Any CPU
		{CA18027D-C3DC-45CA-8FAB-B20CF558B61B}.Release|Any CPU.ActiveCfg = Release|Any CPU
		{CA18027D-C3DC-45CA-8FAB-B20CF558B61B}.Release|Any CPU.Build.0 = Release|Any CPU
	EndGlobalSection
EndGlobal
